
Microsoft Visual Studio Solution File, Format Version 10.00
# Visual Studio 2008
Project("{FAE04EC0-301F-11D3-BF4B-00C04F79EFBC}") = "GraphicsEngine", "GraphicsEngine\GraphicsEngine.csproj", "{88B24627-F0C8-4BFD-A6FD-8F03E300ABFB}"
EndProject
Global
	GlobalSection(SolutionConfigurationPlatforms) = preSolution
		Debug|Any CPU = Debug|Any CPU
		Release|Any CPU = Release|Any CPU
	EndGlobalSection
	GlobalSection(ProjectConfigurationPlatforms) = postSolution
		{88B24627-F0C8-4BFD-A6FD-8F03E300ABFB}.Debug|Any CPU.ActiveCfg = Debug|Any CPU
		{88B24627-F0C8-4BFD-A6FD-8F03E300ABFB}.Debug|Any CPU.Build.0 = Debug|Any CPU
		{88B24627-F0C8-4BFD-A6FD-8F03E300ABFB}.Release|Any CPU.ActiveCfg = Release|Any CPU
		{88B24627-F0C8-4BFD-A6FD-8F03E300ABFB}.Release|Any CPU.Build.0 = Release|Any CPU
	EndGlobalSection
	GlobalSection(SolutionProperties) = preSolution
		HideSolutionNode = FALSE
	EndGlobalSection
EndGlobal
